
Microsoft Visual Studio Solution File, Format Version 12.00
# Visual Studio Version 17
VisualStudioVersion = 17.4.33122.133
MinimumVisualStudioVersion = 10.0.40219.1
Project("{FAE04EC0-301F-11D3-BF4B-00C04F79EFBC}") = "uc1-creatingastack", "uc1-creatingastack.csproj", "{3D3BE7A9-1048-496A-9175-437160583EEB}"
EndProject
Global
	GlobalSection(SolutionConfigurationPlatforms) = preSolution
		Debug|Any CPU = Debug|Any CPU
		Release|Any CPU = Release|Any CPU
	EndGlobalSection
	GlobalSection(ProjectConfigurationPlatforms) = postSolution
		{3D3BE7A9-1048-496A-9175-437160583EEB}.Debug|Any CPU.ActiveCfg = Debug|Any CPU
		{3D3BE7A9-1048-496A-9175-437160583EEB}.Debug|Any CPU.Build.0 = Debug|Any CPU
		{3D3BE7A9-1048-496A-9175-437160583EEB}.Release|Any CPU.ActiveCfg = Release|Any CPU
		{3D3BE7A9-1048-496A-9175-437160583EEB}.Release|Any CPU.Build.0 = Release|Any CPU
	EndGlobalSection
	GlobalSection(SolutionProperties) = preSolution
		HideSolutionNode = FALSE
	EndGlobalSection
	GlobalSection(ExtensibilityGlobals) = postSolution
		SolutionGuid = {FD2F7F0F-41B5-4E21-A620-25A9F67DC42A}
	EndGlobalSection
EndGlobal
